<?xml version="1.0" encoding="utf-8"?>
<Project ToolsVersion="4.0" xmlns="http://schemas.microsoft.com/developer/msbuild/2003">
  <ItemGroup>
    <Filter Include="Classes">
      <UniqueIdentifier>{a71e761c-daa1-46d8-a329-8a83186fb1f9}</UniqueIdentifier>
    </Filter>
    <Filter Include="win32">
      <UniqueIdentifier>{4b32b31e-81b6-41b0-aa68-689a942155bd}</UniqueIdentifier>
    </Filter>
    <Filter Include="Classes\TestLayer">
      <UniqueIdentifier>{bb8ab35f-31af-4f0c-924c-9bf5622dc94c}</UniqueIdentifier>
    </Filter>
    <Filter Include="Classes\TestScene">
      <UniqueIdentifier>{7442f752-150a-40ec-b2a9-e3e519735efa}</UniqueIdentifier>
    </Filter>
  </ItemGroup>
  <ItemGroup>
    <ClCompile Include="..\Classes\AppDelegate.cpp">
      <Filter>Classes</Filter>
    </ClCompile>
    <ClCompile Include="main.cpp">
      <Filter>win32</Filter>
    </ClCompile>
    <ClCompile Include="..\Classes\HelloWorldScene.cpp">
      <Filter>Classes</Filter>
    </ClCompile>
    <ClCompile Include="..\Classes\TestScene.cpp">
      <Filter>Classes\TestScene</Filter>
    </ClCompile>
    <ClCompile Include="..\Classes\TestLayer.cpp">
      <Filter>Classes\TestLayer</Filter>
    </ClCompile>
    <ClCompile Include="..\Classes\VisibleRect.cpp">
      <Filter>Classes</Filter>
    </ClCompile>
  </ItemGroup>
  <ItemGroup>
    <ClInclude Include="..\Classes\AppDelegate.h">
      <Filter>Classes</Filter>
    </ClInclude>
    <ClInclude Include="..\Classes\AppMacros.h">
      <Filter>Classes</Filter>
    </ClInclude>
    <ClInclude Include="main.h">
      <Filter>win32</Filter>
    </ClInclude>
    <ClInclude Include="..\Classes\HelloWorldScene.h">
      <Filter>Classes</Filter>
    </ClInclude>
    <ClInclude Include="..\Classes\TestScene.h">
      <Filter>Classes\TestScene</Filter>
    </ClInclude>
    <ClInclude Include="..\Classes\TestLayer.h">
      <Filter>Classes\TestLayer</Filter>
    </ClInclude>
    <ClInclude Include="..\Classes\VisibleRect.h">
      <Filter>Classes</Filter>
    </ClInclude>
  </ItemGroup>
</Project>